{
  "name": "@papyrs/cdn",
  "version": "0.0.1",
  "lockfileVersion": 2,
  "requires": true,
  "packages": {
    "": {
      "name": "@papyrs/cdn",
      "version": "0.0.1",
      "dependencies": {
        "@deckdeckgo/highlight-code": "^4.3.0",
        "@deckdeckgo/lazy-img": "^3.4.0",
        "@deckdeckgo/monaco-editor": "^1.4.0",
        "@papyrs/ic": "^0.0.11",
        "@papyrs/what-is-internet-identity": "^0.0.2",
        "jszip": "^3.9.0",
        "prismjs": "^1.27.0",
        "web-social-share": "^8.0.1"
      }
    },
    "node_modules/@deckdeckgo/editor": {
      "version": "7.11.1",
      "resolved": "https://registry.npmjs.org/@deckdeckgo/editor/-/editor-7.11.1.tgz",
      "integrity": "sha512-x3Us1wP+x6bqBe5uroHMY0vR+3ZDgs6w/h63uEl2uiLTFyXO58afM1KekzclaZqS2vAk/GN37FzyCPA6DW+UHA=="
    },
    "node_modules/@deckdeckgo/highlight-code": {
      "version": "4.3.0",
      "resolved": "https://registry.npmjs.org/@deckdeckgo/highlight-code/-/highlight-code-4.3.0.tgz",
      "integrity": "sha512-9y6wl+C9nLHNJ3Da1KXH5znatC1aWDOw+ql/r7NBWNoE/cRXjWi/zVZnpwj/sKf0yIuoA45e/LJaJHQ1o3RBFg==",
      "dependencies": {
        "@deckdeckgo/utils": "^5.1.0",
        "prismjs": "^1.27.0"
      }
    },
    "node_modules/@deckdeckgo/lazy-img": {
      "version": "3.4.0",
      "resolved": "https://registry.npmjs.org/@deckdeckgo/lazy-img/-/lazy-img-3.4.0.tgz",
      "integrity": "sha512-JIHVXwS3RRedJ8WH1O5n+WHCARhIflNZbYrJs0xia6eEB9cRsBNfisNqusG35eLO4X51Qev0L/f8pX/z2Q9/aA=="
    },
    "node_modules/@deckdeckgo/monaco-editor": {
      "version": "1.4.0",
      "resolved": "https://registry.npmjs.org/@deckdeckgo/monaco-editor/-/monaco-editor-1.4.0.tgz",
      "integrity": "sha512-y6xmBUmwU8ZA1guyFiQQGEvk2BAOHVKsTcAYgOib5rS9mQ9PDquddS2Ioc+MyvbvAxxrl6rXJlOZn0izT8f+vQ==",
      "dependencies": {
        "monaco-editor": "^0.32.1"
      }
    },
    "node_modules/@deckdeckgo/utils": {
      "version": "5.1.0",
      "resolved": "https://registry.npmjs.org/@deckdeckgo/utils/-/utils-5.1.0.tgz",
      "integrity": "sha512-ue/1BXkDBZ9k+Tqs3vyCRIjqxjPnl06ab9WGhGubAXoRtJIE7ZN58/pbLsPCYc4xFcY0TPH3tsWhE7eF/FU8Ew=="
    },
    "node_modules/@dfinity/agent": {
      "version": "0.11.3",
      "resolved": "https://registry.npmjs.org/@dfinity/agent/-/agent-0.11.3.tgz",
      "integrity": "sha512-pqiogLey6S83SG5BS93hBCtXfGRW6tkxa8Y0c9HwxOP/wRoVEuKHdTcOn7rL/HN4mDTwxkdqK4EC1Kv24S1q4Q==",
      "dependencies": {
        "base64-arraybuffer": "^0.2.0",
        "bignumber.js": "^9.0.0",
        "borc": "^2.1.1",
        "js-sha256": "0.9.0",
        "simple-cbor": "^0.4.1"
      },
      "peerDependencies": {
        "@dfinity/candid": "^0.11.3",
        "@dfinity/principal": "^0.11.3"
      }
    },
    "node_modules/@dfinity/auth-client": {
      "version": "0.11.3",
      "resolved": "https://registry.npmjs.org/@dfinity/auth-client/-/auth-client-0.11.3.tgz",
      "integrity": "sha512-+wwjoucE8ZIjcA1IG+OQ8OxFoAajYfnELbSMZE1p3FGlbC0X3gpab0bbXqh8VKou8Ng1eRU+sAwItruCLiIBHg==",
      "peerDependencies": {
        "@dfinity/agent": "^0.11.3",
        "@dfinity/authentication": "^0.11.3",
        "@dfinity/identity": "^0.11.3",
        "@dfinity/principal": "^0.11.3"
      }
    },
    "node_modules/@dfinity/authentication": {
      "version": "0.11.3",
      "resolved": "https://registry.npmjs.org/@dfinity/authentication/-/authentication-0.11.3.tgz",
      "integrity": "sha512-11VaXRMlz9iS0sWzP7eeEShl5r6rqb57XzlorwdcqmSchWEdw3+Gm0INqFWrQ382FSEDmZ7qDbMfJ/S9P6fddA==",
      "peerDependencies": {
        "@dfinity/agent": "^0.11.3",
        "@dfinity/identity": "^0.11.3",
        "@dfinity/principal": "^0.11.3"
      }
    },
    "node_modules/@dfinity/candid": {
      "version": "0.11.3",
      "resolved": "https://registry.npmjs.org/@dfinity/candid/-/candid-0.11.3.tgz",
      "integrity": "sha512-xX7xNj2lLt7SIlvy0sqNp4fpcTD/xnwEu9APj0tnIF64cnsxIiS12T1Z8jl9g80jCQ1CbRPQf4cfsOfS3Cd2OA=="
    },
    "node_modules/@dfinity/identity": {
      "version": "0.11.3",
      "resolved": "https://registry.npmjs.org/@dfinity/identity/-/identity-0.11.3.tgz",
      "integrity": "sha512-AXgrG6a7PxJmiZOC12ooKvPeOfh4+v3dR7D6jynLlN4qMy0ry+BMZhWkyjWrlRR3p8oMznzfjoMuKN5pOrBKDg==",
      "dependencies": {
        "@types/webappsec-credential-management": "^0.6.2",
        "borc": "^2.1.1",
        "js-sha256": "^0.9.0",
        "secp256k1": "^4.0.2",
        "tweetnacl": "^1.0.1"
      },
      "peerDependencies": {
        "@dfinity/agent": "^0.11.3",
        "@dfinity/principal": "^0.11.3"
      }
    },
    "node_modules/@dfinity/principal": {
      "version": "0.11.3",
      "resolved": "https://registry.npmjs.org/@dfinity/principal/-/principal-0.11.3.tgz",
      "integrity": "sha512-+AJGDJ+RsveybSdxuTQFr2DPNZFpPfXnyixAOFWWdElVniSwnO/SwqQChR0AWvJdy/fKqoAXK+ZzyLG0uqSetA=="
    },
    "node_modules/@papyrs/ic": {
      "version": "0.0.11",
      "resolved": "https://registry.npmjs.org/@papyrs/ic/-/ic-0.0.11.tgz",
      "integrity": "sha512-MVpbvszd6cerj+XQ6FGqYjDBWsDVyjJS5RuXw9UTWQVN8mwjFqVx7tSCvc8lWLaE4pjB1i9WlkJ47Z0vHFbSwg==",
      "dependencies": {
        "@deckdeckgo/editor": "^7.11.1",
        "@dfinity/agent": "^0.11.2",
        "@dfinity/auth-client": "^0.11.2",
        "@dfinity/authentication": "^0.11.2",
        "@dfinity/candid": "^0.11.2",
        "@dfinity/identity": "^0.11.2",
        "@dfinity/principal": "^0.11.2",
        "idb-keyval": "^6.1.0",
        "nanoid": "^3.3.4"
      }
    },
    "node_modules/@papyrs/what-is-internet-identity": {
      "version": "0.0.2",
      "resolved": "https://registry.npmjs.org/@papyrs/what-is-internet-identity/-/what-is-internet-identity-0.0.2.tgz",
      "integrity": "sha512-jkkfTSFEkNRA19xcNpf2SanzxsdYU4ox1b/aCKdcxntOYrE/NDsf7J6por5gWQt2uHGz+azeWCLqaC0O/E/OrA=="
    },
    "node_modules/@types/webappsec-credential-management": {
      "version": "0.6.2",
      "resolved": "https://registry.npmjs.org/@types/webappsec-credential-management/-/webappsec-credential-management-0.6.2.tgz",
      "integrity": "sha512-/6w8wmKQOFh+1CL99fcFhH7lli1/ExBdAawXsVPXFC5MBOS6ww/4cmK4crpCw51RaG6sTr477N17Y84l0G69IA=="
    },
    "node_modules/base64-arraybuffer": {
      "version": "0.2.0",
      "resolved": "https://registry.npmjs.org/base64-arraybuffer/-/base64-arraybuffer-0.2.0.tgz",
      "integrity": "sha512-7emyCsu1/xiBXgQZrscw/8KPRT44I4Yq9Pe6EGs3aPRTsWuggML1/1DTuZUuIaJPIm1FTDUVXl4x/yW8s0kQDQ==",
      "engines": {
        "node": ">= 0.6.0"
      }
    },
    "node_modules/base64-js": {
      "version": "1.5.1",
      "resolved": "https://registry.npmjs.org/base64-js/-/base64-js-1.5.1.tgz",
      "integrity": "sha512-AKpaYlHn8t4SVbOHCy+b5+KKgvR4vrsD8vbvrbiQJps7fKDTkjkDry6ji0rUJjC0kzbNePLwzxq8iypo41qeWA==",
      "funding": [
        {
          "type": "github",
          "url": "https://github.com/sponsors/feross"
        },
        {
          "type": "patreon",
          "url": "https://www.patreon.com/feross"
        },
        {
          "type": "consulting",
          "url": "https://feross.org/support"
        }
      ]
    },
    "node_modules/bignumber.js": {
      "version": "9.0.2",
      "resolved": "https://registry.npmjs.org/bignumber.js/-/bignumber.js-9.0.2.tgz",
      "integrity": "sha512-GAcQvbpsM0pUb0zw1EI0KhQEZ+lRwR5fYaAp3vPOYuP7aDvGy6cVN6XHLauvF8SOga2y0dcLcjt3iQDTSEliyw==",
      "engines": {
        "node": "*"
      }
    },
    "node_modules/bn.js": {
      "version": "4.12.0",
      "resolved": "https://registry.npmjs.org/bn.js/-/bn.js-4.12.0.tgz",
      "integrity": "sha512-c98Bf3tPniI+scsdk237ku1Dc3ujXQTSgyiPUDEOe7tRkhrqridvh8klBv0HCEso1OLOYcHuCv/cS6DNxKH+ZA=="
    },
    "node_modules/borc": {
      "version": "2.1.2",
      "resolved": "https://registry.npmjs.org/borc/-/borc-2.1.2.tgz",
      "integrity": "sha512-Sy9eoUi4OiKzq7VovMn246iTo17kzuyHJKomCfpWMlI6RpfN1gk95w7d7gH264nApVLg0HZfcpz62/g4VH1Y4w==",
      "dependencies": {
        "bignumber.js": "^9.0.0",
        "buffer": "^5.5.0",
        "commander": "^2.15.0",
        "ieee754": "^1.1.13",
        "iso-url": "~0.4.7",
        "json-text-sequence": "~0.1.0",
        "readable-stream": "^3.6.0"
      },
      "engines": {
        "node": ">=4"
      }
    },
    "node_modules/brorand": {
      "version": "1.1.0",
      "resolved": "https://registry.npmjs.org/brorand/-/brorand-1.1.0.tgz",
      "integrity": "sha512-cKV8tMCEpQs4hK/ik71d6LrPOnpkpGBR0wzxqr68g2m/LB2GxVYQroAjMJZRVM1Y4BCjCKc3vAamxSzOY2RP+w=="
    },
    "node_modules/buffer": {
      "version": "5.7.1",
      "resolved": "https://registry.npmjs.org/buffer/-/buffer-5.7.1.tgz",
      "integrity": "sha512-EHcyIPBQ4BSGlvjB16k5KgAJ27CIsHY/2JBmCRReo48y9rQ3MaUzWX3KVlBa4U7MyX02HdVj0K7C3WaB3ju7FQ==",
      "funding": [
        {
          "type": "github",
          "url": "https://github.com/sponsors/feross"
        },
        {
          "type": "patreon",
          "url": "https://www.patreon.com/feross"
        },
        {
          "type": "consulting",
          "url": "https://feross.org/support"
        }
      ],
      "dependencies": {
        "base64-js": "^1.3.1",
        "ieee754": "^1.1.13"
      }
    },
    "node_modules/commander": {
      "version": "2.20.3",
      "resolved": "https://registry.npmjs.org/commander/-/commander-2.20.3.tgz",
      "integrity": "sha512-GpVkmM8vF2vQUkj2LvZmD35JxeJOLCwJ9cUkugyk2nuhbv3+mJvpLYYt+0+USMxE+oj+ey/lJEnhZw75x/OMcQ=="
    },
    "node_modules/core-util-is": {
      "version": "1.0.3",
      "resolved": "https://registry.npmjs.org/core-util-is/-/core-util-is-1.0.3.tgz",
      "integrity": "sha512-ZQBvi1DcpJ4GDqanjucZ2Hj3wEO5pZDS89BWbkcrvdxksJorwUDDZamX9ldFkp9aw2lmBDLgkObEA4DWNJ9FYQ=="
    },
    "node_modules/delimit-stream": {
      "version": "0.1.0",
      "resolved": "https://registry.npmjs.org/delimit-stream/-/delimit-stream-0.1.0.tgz",
      "integrity": "sha512-a02fiQ7poS5CnjiJBAsjGLPp5EwVoGHNeu9sziBd9huppRfsAFIpv5zNLv0V1gbop53ilngAf5Kf331AwcoRBQ=="
    },
    "node_modules/elliptic": {
      "version": "6.5.4",
      "resolved": "https://registry.npmjs.org/elliptic/-/elliptic-6.5.4.tgz",
      "integrity": "sha512-iLhC6ULemrljPZb+QutR5TQGB+pdW6KGD5RSegS+8sorOZT+rdQFbsQFJgvN3eRqNALqJer4oQ16YvJHlU8hzQ==",
      "dependencies": {
        "bn.js": "^4.11.9",
        "brorand": "^1.1.0",
        "hash.js": "^1.0.0",
        "hmac-drbg": "^1.0.1",
        "inherits": "^2.0.4",
        "minimalistic-assert": "^1.0.1",
        "minimalistic-crypto-utils": "^1.0.1"
      }
    },
    "node_modules/hash.js": {
      "version": "1.1.7",
      "resolved": "https://registry.npmjs.org/hash.js/-/hash.js-1.1.7.tgz",
      "integrity": "sha512-taOaskGt4z4SOANNseOviYDvjEJinIkRgmp7LbKP2YTTmVxWBl87s/uzK9r+44BclBSp2X7K1hqeNfz9JbBeXA==",
      "dependencies": {
        "inherits": "^2.0.3",
        "minimalistic-assert": "^1.0.1"
      }
    },
    "node_modules/hmac-drbg": {
      "version": "1.0.1",
      "resolved": "https://registry.npmjs.org/hmac-drbg/-/hmac-drbg-1.0.1.tgz",
      "integrity": "sha512-Tti3gMqLdZfhOQY1Mzf/AanLiqh1WTiJgEj26ZuYQ9fbkLomzGchCws4FyrSd4VkpBfiNhaE1On+lOz894jvXg==",
      "dependencies": {
        "hash.js": "^1.0.3",
        "minimalistic-assert": "^1.0.0",
        "minimalistic-crypto-utils": "^1.0.1"
      }
    },
    "node_modules/idb-keyval": {
      "version": "6.1.0",
      "resolved": "https://registry.npmjs.org/idb-keyval/-/idb-keyval-6.1.0.tgz",
      "integrity": "sha512-u/qHZ75rlD3gH+Zah8dAJVJcGW/RfCnfNrFkElC5RpRCnpsCXXhqjVk+6MoVKJ3WhmNbRYdI6IIVP88e+5sxGw==",
      "dependencies": {
        "safari-14-idb-fix": "^3.0.0"
      }
    },
    "node_modules/ieee754": {
      "version": "1.2.1",
      "resolved": "https://registry.npmjs.org/ieee754/-/ieee754-1.2.1.tgz",
      "integrity": "sha512-dcyqhDvX1C46lXZcVqCpK+FtMRQVdIMN6/Df5js2zouUsqG7I6sFxitIC+7KYK29KdXOLHdu9zL4sFnoVQnqaA==",
      "funding": [
        {
          "type": "github",
          "url": "https://github.com/sponsors/feross"
        },
        {
          "type": "patreon",
          "url": "https://www.patreon.com/feross"
        },
        {
          "type": "consulting",
          "url": "https://feross.org/support"
        }
      ]
    },
    "node_modules/immediate": {
      "version": "3.0.6",
      "resolved": "https://registry.npmjs.org/immediate/-/immediate-3.0.6.tgz",
      "integrity": "sha1-nbHb0Pr43m++D13V5Wu2BigN5ps="
    },
    "node_modules/inherits": {
      "version": "2.0.4",
      "resolved": "https://registry.npmjs.org/inherits/-/inherits-2.0.4.tgz",
      "integrity": "sha512-k/vGaX4/Yla3WzyMCvTQOXYeIHvqOKtnqBduzTHpzpQZzAskKMhZ2K+EnBiSM9zGSoIFeMpXKxa4dYeZIQqewQ=="
    },
    "node_modules/isarray": {
      "version": "1.0.0",
      "resolved": "https://registry.npmjs.org/isarray/-/isarray-1.0.0.tgz",
      "integrity": "sha1-u5NdSFgsuhaMBoNJV6VKPgcSTxE="
    },
    "node_modules/iso-url": {
      "version": "0.4.7",
      "resolved": "https://registry.npmjs.org/iso-url/-/iso-url-0.4.7.tgz",
      "integrity": "sha512-27fFRDnPAMnHGLq36bWTpKET+eiXct3ENlCcdcMdk+mjXrb2kw3mhBUg1B7ewAC0kVzlOPhADzQgz1SE6Tglog==",
      "engines": {
        "node": ">=10"
      }
    },
    "node_modules/js-sha256": {
      "version": "0.9.0",
      "resolved": "https://registry.npmjs.org/js-sha256/-/js-sha256-0.9.0.tgz",
      "integrity": "sha512-sga3MHh9sgQN2+pJ9VYZ+1LPwXOxuBJBA5nrR5/ofPfuiJBE2hnjsaN8se8JznOmGLN2p49Pe5U/ttafcs/apA=="
    },
    "node_modules/json-text-sequence": {
      "version": "0.1.1",
      "resolved": "https://registry.npmjs.org/json-text-sequence/-/json-text-sequence-0.1.1.tgz",
      "integrity": "sha512-L3mEegEWHRekSHjc7+sc8eJhba9Clq1PZ8kMkzf8OxElhXc8O4TS5MwcVlj9aEbm5dr81N90WHC5nAz3UO971w==",
      "dependencies": {
        "delimit-stream": "0.1.0"
      }
    },
    "node_modules/jszip": {
      "version": "3.9.0",
      "resolved": "https://registry.npmjs.org/jszip/-/jszip-3.9.0.tgz",
      "integrity": "sha512-Vb3SMfASUN1EKrFzv5A5+lTaZnzLzT5E6A9zyT7WFqMSfhT2Z7iS5FgSOjx2Olm3MDj8OqKj6GHyP2kMt1Ir6w==",
      "dependencies": {
        "lie": "~3.3.0",
        "pako": "~1.0.2",
        "readable-stream": "~2.3.6",
        "set-immediate-shim": "~1.0.1"
      }
    },
    "node_modules/jszip/node_modules/readable-stream": {
      "version": "2.3.7",
      "resolved": "https://registry.npmjs.org/readable-stream/-/readable-stream-2.3.7.tgz",
      "integrity": "sha512-Ebho8K4jIbHAxnuxi7o42OrZgF/ZTNcsZj6nRKyUmkhLFq8CHItp/fy6hQZuZmP/n3yZ9VBUbp4zz/mX8hmYPw==",
      "dependencies": {
        "core-util-is": "~1.0.0",
        "inherits": "~2.0.3",
        "isarray": "~1.0.0",
        "process-nextick-args": "~2.0.0",
        "safe-buffer": "~5.1.1",
        "string_decoder": "~1.1.1",
        "util-deprecate": "~1.0.1"
      }
    },
    "node_modules/jszip/node_modules/safe-buffer": {
      "version": "5.1.2",
      "resolved": "https://registry.npmjs.org/safe-buffer/-/safe-buffer-5.1.2.tgz",
      "integrity": "sha512-Gd2UZBJDkXlY7GbJxfsE8/nvKkUEU1G38c1siN6QP6a9PT9MmHB8GnpscSmMJSoF8LOIrt8ud/wPtojys4G6+g=="
    },
    "node_modules/jszip/node_modules/string_decoder": {
      "version": "1.1.1",
      "resolved": "https://registry.npmjs.org/string_decoder/-/string_decoder-1.1.1.tgz",
      "integrity": "sha512-n/ShnvDi6FHbbVfviro+WojiFzv+s8MPMHBczVePfUpDJLwoLT0ht1l4YwBCbi8pJAveEEdnkHyPyTP/mzRfwg==",
      "dependencies": {
        "safe-buffer": "~5.1.0"
      }
    },
    "node_modules/lie": {
      "version": "3.3.0",
      "resolved": "https://registry.npmjs.org/lie/-/lie-3.3.0.tgz",
      "integrity": "sha512-UaiMJzeWRlEujzAuw5LokY1L5ecNQYZKfmyZ9L7wDHb/p5etKaxXhohBcrw0EYby+G/NA52vRSN4N39dxHAIwQ==",
      "dependencies": {
        "immediate": "~3.0.5"
      }
    },
    "node_modules/minimalistic-assert": {
      "version": "1.0.1",
      "resolved": "https://registry.npmjs.org/minimalistic-assert/-/minimalistic-assert-1.0.1.tgz",
      "integrity": "sha512-UtJcAD4yEaGtjPezWuO9wC4nwUnVH/8/Im3yEHQP4b67cXlD/Qr9hdITCU1xDbSEXg2XKNaP8jsReV7vQd00/A=="
    },
    "node_modules/minimalistic-crypto-utils": {
      "version": "1.0.1",
      "resolved": "https://registry.npmjs.org/minimalistic-crypto-utils/-/minimalistic-crypto-utils-1.0.1.tgz",
      "integrity": "sha512-JIYlbt6g8i5jKfJ3xz7rF0LXmv2TkDxBLUkiBeZ7bAx4GnnNMr8xFpGnOxn6GhTEHx3SjRrZEoU+j04prX1ktg=="
    },
    "node_modules/monaco-editor": {
      "version": "0.32.1",
      "resolved": "https://registry.npmjs.org/monaco-editor/-/monaco-editor-0.32.1.tgz",
      "integrity": "sha512-LUt2wsUvQmEi2tfTOK+tjAPvt7eQ+K5C4rZPr6SeuyzjAuAHrIvlUloTcOiGjZW3fn3a/jFQCONrEJbNOaCqbA=="
    },
    "node_modules/nanoid": {
      "version": "3.3.4",
      "resolved": "https://registry.npmjs.org/nanoid/-/nanoid-3.3.4.tgz",
      "integrity": "sha512-MqBkQh/OHTS2egovRtLk45wEyNXwF+cokD+1YPf9u5VfJiRdAiRwB2froX5Co9Rh20xs4siNPm8naNotSD6RBw==",
      "bin": {
        "nanoid": "bin/nanoid.cjs"
      },
      "engines": {
        "node": "^10 || ^12 || ^13.7 || ^14 || >=15.0.1"
      }
    },
    "node_modules/node-addon-api": {
      "version": "2.0.2",
      "resolved": "https://registry.npmjs.org/node-addon-api/-/node-addon-api-2.0.2.tgz",
      "integrity": "sha512-Ntyt4AIXyaLIuMHF6IOoTakB3K+RWxwtsHNRxllEoA6vPwP9o4866g6YWDLUdnucilZhmkxiHwHr11gAENw+QA=="
    },
    "node_modules/node-gyp-build": {
      "version": "4.4.0",
      "resolved": "https://registry.npmjs.org/node-gyp-build/-/node-gyp-build-4.4.0.tgz",
      "integrity": "sha512-amJnQCcgtRVw9SvoebO3BKGESClrfXGCUTX9hSn1OuGQTQBOZmVd0Z0OlecpuRksKvbsUqALE8jls/ErClAPuQ==",
      "bin": {
        "node-gyp-build": "bin.js",
        "node-gyp-build-optional": "optional.js",
        "node-gyp-build-test": "build-test.js"
      }
    },
    "node_modules/pako": {
      "version": "1.0.11",
      "resolved": "https://registry.npmjs.org/pako/-/pako-1.0.11.tgz",
      "integrity": "sha512-4hLB8Py4zZce5s4yd9XzopqwVv/yGNhV1Bl8NTmCq1763HeK2+EwVTv+leGeL13Dnh2wfbqowVPXCIO0z4taYw=="
    },
    "node_modules/prismjs": {
      "version": "1.27.0",
      "resolved": "https://registry.npmjs.org/prismjs/-/prismjs-1.27.0.tgz",
      "integrity": "sha512-t13BGPUlFDR7wRB5kQDG4jjl7XeuH6jbJGt11JHPL96qwsEHNX2+68tFXqc1/k+/jALsbSWJKUOT/hcYAZ5LkA==",
      "engines": {
        "node": ">=6"
      }
    },
    "node_modules/process-nextick-args": {
      "version": "2.0.1",
      "resolved": "https://registry.npmjs.org/process-nextick-args/-/process-nextick-args-2.0.1.tgz",
      "integrity": "sha512-3ouUOpQhtgrbOa17J7+uxOTpITYWaGP7/AhoR3+A+/1e9skrzelGi/dXzEYyvbxubEF6Wn2ypscTKiKJFFn1ag=="
    },
    "node_modules/readable-stream": {
      "version": "3.6.0",
      "resolved": "https://registry.npmjs.org/readable-stream/-/readable-stream-3.6.0.tgz",
      "integrity": "sha512-BViHy7LKeTz4oNnkcLJ+lVSL6vpiFeX6/d3oSH8zCW7UxP2onchk+vTGB143xuFjHS3deTgkKoXXymXqymiIdA==",
      "dependencies": {
        "inherits": "^2.0.3",
        "string_decoder": "^1.1.1",
        "util-deprecate": "^1.0.1"
      },
      "engines": {
        "node": ">= 6"
      }
    },
    "node_modules/safari-14-idb-fix": {
      "version": "3.0.0",
      "resolved": "https://registry.npmjs.org/safari-14-idb-fix/-/safari-14-idb-fix-3.0.0.tgz",
      "integrity": "sha512-eBNFLob4PMq8JA1dGyFn6G97q3/WzNtFK4RnzT1fnLq+9RyrGknzYiM/9B12MnKAxuj1IXr7UKYtTNtjyKMBog=="
    },
    "node_modules/safe-buffer": {
      "version": "5.2.1",
      "resolved": "https://registry.npmjs.org/safe-buffer/-/safe-buffer-5.2.1.tgz",
      "integrity": "sha512-rp3So07KcdmmKbGvgaNxQSJr7bGVSVk5S9Eq1F+ppbRo70+YeaDxkw5Dd8NPN+GD6bjnYm2VuPuCXmpuYvmCXQ==",
      "funding": [
        {
          "type": "github",
          "url": "https://github.com/sponsors/feross"
        },
        {
          "type": "patreon",
          "url": "https://www.patreon.com/feross"
        },
        {
          "type": "consulting",
          "url": "https://feross.org/support"
        }
      ]
    },
    "node_modules/secp256k1": {
      "version": "4.0.3",
      "resolved": "https://registry.npmjs.org/secp256k1/-/secp256k1-4.0.3.tgz",
      "integrity": "sha512-NLZVf+ROMxwtEj3Xa562qgv2BK5e2WNmXPiOdVIPLgs6lyTzMvBq0aWTYMI5XCP9jZMVKOcqZLw/Wc4vDkuxhA==",
      "hasInstallScript": true,
      "dependencies": {
        "elliptic": "^6.5.4",
        "node-addon-api": "^2.0.0",
        "node-gyp-build": "^4.2.0"
      },
      "engines": {
        "node": ">=10.0.0"
      }
    },
    "node_modules/set-immediate-shim": {
      "version": "1.0.1",
      "resolved": "https://registry.npmjs.org/set-immediate-shim/-/set-immediate-shim-1.0.1.tgz",
      "integrity": "sha1-SysbJ+uAip+NzEgaWOXlb1mfP2E=",
      "engines": {
        "node": ">=0.10.0"
      }
    },
    "node_modules/simple-cbor": {
      "version": "0.4.1",
      "resolved": "https://registry.npmjs.org/simple-cbor/-/simple-cbor-0.4.1.tgz",
      "integrity": "sha512-rijcxtwx2b4Bje3sqeIqw5EeW7UlOIC4YfOdwqIKacpvRQ/D78bWg/4/0m5e0U91oKvlGh7LlJuZCu07ISCC7w=="
    },
    "node_modules/string_decoder": {
      "version": "1.3.0",
      "resolved": "https://registry.npmjs.org/string_decoder/-/string_decoder-1.3.0.tgz",
      "integrity": "sha512-hkRX8U1WjJFd8LsDJ2yQ/wWWxaopEsABU1XfkM8A+j0+85JAGppt16cr1Whg6KIbb4okU6Mql6BOj+uup/wKeA==",
      "dependencies": {
        "safe-buffer": "~5.2.0"
      }
    },
    "node_modules/tweetnacl": {
      "version": "1.0.3",
      "resolved": "https://registry.npmjs.org/tweetnacl/-/tweetnacl-1.0.3.tgz",
      "integrity": "sha512-6rt+RN7aOi1nGMyC4Xa5DdYiukl2UWCbcJft7YhxReBGQD7OAM8Pbxw6YMo4r2diNEA8FEmu32YOn9rhaiE5yw=="
    },
    "node_modules/util-deprecate": {
      "version": "1.0.2",
      "resolved": "https://registry.npmjs.org/util-deprecate/-/util-deprecate-1.0.2.tgz",
      "integrity": "sha1-RQ1Nyfpw3nMnYvvS1KKJgUGaDM8="
    },
    "node_modules/web-social-share": {
      "version": "8.0.1",
      "resolved": "https://registry.npmjs.org/web-social-share/-/web-social-share-8.0.1.tgz",
      "integrity": "sha512-SdYm76yaFDRbAm+2n+mVi7q/tgg+UqX8BDKwvIWTymssfB9CfyH9uyXPzh2o3Kfa1SIeIGY0lmExxVLdYdGueA=="
    }
  },
  "dependencies": {
    "@deckdeckgo/editor": {
      "version": "7.11.1",
      "resolved": "https://registry.npmjs.org/@deckdeckgo/editor/-/editor-7.11.1.tgz",
      "integrity": "sha512-x3Us1wP+x6bqBe5uroHMY0vR+3ZDgs6w/h63uEl2uiLTFyXO58afM1KekzclaZqS2vAk/GN37FzyCPA6DW+UHA=="
    },
    "@deckdeckgo/highlight-code": {
      "version": "4.3.0",
      "resolved": "https://registry.npmjs.org/@deckdeckgo/highlight-code/-/highlight-code-4.3.0.tgz",
      "integrity": "sha512-9y6wl+C9nLHNJ3Da1KXH5znatC1aWDOw+ql/r7NBWNoE/cRXjWi/zVZnpwj/sKf0yIuoA45e/LJaJHQ1o3RBFg==",
      "requires": {
        "@deckdeckgo/utils": "^5.1.0",
        "prismjs": "^1.27.0"
      }
    },
    "@deckdeckgo/lazy-img": {
      "version": "3.4.0",
      "resolved": "https://registry.npmjs.org/@deckdeckgo/lazy-img/-/lazy-img-3.4.0.tgz",
      "integrity": "sha512-JIHVXwS3RRedJ8WH1O5n+WHCARhIflNZbYrJs0xia6eEB9cRsBNfisNqusG35eLO4X51Qev0L/f8pX/z2Q9/aA=="
    },
    "@deckdeckgo/monaco-editor": {
      "version": "1.4.0",
      "resolved": "https://registry.npmjs.org/@deckdeckgo/monaco-editor/-/monaco-editor-1.4.0.tgz",
      "integrity": "sha512-y6xmBUmwU8ZA1guyFiQQGEvk2BAOHVKsTcAYgOib5rS9mQ9PDquddS2Ioc+MyvbvAxxrl6rXJlOZn0izT8f+vQ==",
      "requires": {
        "monaco-editor": "^0.32.1"
      }
    },
    "@deckdeckgo/utils": {
      "version": "5.1.0",
      "resolved": "https://registry.npmjs.org/@deckdeckgo/utils/-/utils-5.1.0.tgz",
      "integrity": "sha512-ue/1BXkDBZ9k+Tqs3vyCRIjqxjPnl06ab9WGhGubAXoRtJIE7ZN58/pbLsPCYc4xFcY0TPH3tsWhE7eF/FU8Ew=="
    },
    "@dfinity/agent": {
      "version": "0.11.3",
      "resolved": "https://registry.npmjs.org/@dfinity/agent/-/agent-0.11.3.tgz",
      "integrity": "sha512-pqiogLey6S83SG5BS93hBCtXfGRW6tkxa8Y0c9HwxOP/wRoVEuKHdTcOn7rL/HN4mDTwxkdqK4EC1Kv24S1q4Q==",
      "requires": {
        "base64-arraybuffer": "^0.2.0",
        "bignumber.js": "^9.0.0",
        "borc": "^2.1.1",
        "js-sha256": "0.9.0",
        "simple-cbor": "^0.4.1"
      }
    },
    "@dfinity/auth-client": {
      "version": "0.11.3",
      "resolved": "https://registry.npmjs.org/@dfinity/auth-client/-/auth-client-0.11.3.tgz",
      "integrity": "sha512-+wwjoucE8ZIjcA1IG+OQ8OxFoAajYfnELbSMZE1p3FGlbC0X3gpab0bbXqh8VKou8Ng1eRU+sAwItruCLiIBHg==",
      "requires": {}
    },
    "@dfinity/authentication": {
      "version": "0.11.3",
      "resolved": "https://registry.npmjs.org/@dfinity/authentication/-/authentication-0.11.3.tgz",
      "integrity": "sha512-11VaXRMlz9iS0sWzP7eeEShl5r6rqb57XzlorwdcqmSchWEdw3+Gm0INqFWrQ382FSEDmZ7qDbMfJ/S9P6fddA==",
      "requires": {}
    },
    "@dfinity/candid": {
      "version": "0.11.3",
      "resolved": "https://registry.npmjs.org/@dfinity/candid/-/candid-0.11.3.tgz",
      "integrity": "sha512-xX7xNj2lLt7SIlvy0sqNp4fpcTD/xnwEu9APj0tnIF64cnsxIiS12T1Z8jl9g80jCQ1CbRPQf4cfsOfS3Cd2OA=="
    },
    "@dfinity/identity": {
      "version": "0.11.3",
      "resolved": "https://registry.npmjs.org/@dfinity/identity/-/identity-0.11.3.tgz",
      "integrity": "sha512-AXgrG6a7PxJmiZOC12ooKvPeOfh4+v3dR7D6jynLlN4qMy0ry+BMZhWkyjWrlRR3p8oMznzfjoMuKN5pOrBKDg==",
      "requires": {
        "@types/webappsec-credential-management": "^0.6.2",
        "borc": "^2.1.1",
        "js-sha256": "^0.9.0",
        "secp256k1": "^4.0.2",
        "tweetnacl": "^1.0.1"
      }
    },
    "@dfinity/principal": {
      "version": "0.11.3",
      "resolved": "https://registry.npmjs.org/@dfinity/principal/-/principal-0.11.3.tgz",
      "integrity": "sha512-+AJGDJ+RsveybSdxuTQFr2DPNZFpPfXnyixAOFWWdElVniSwnO/SwqQChR0AWvJdy/fKqoAXK+ZzyLG0uqSetA=="
    },
    "@papyrs/ic": {
      "version": "0.0.11",
      "resolved": "https://registry.npmjs.org/@papyrs/ic/-/ic-0.0.11.tgz",
      "integrity": "sha512-MVpbvszd6cerj+XQ6FGqYjDBWsDVyjJS5RuXw9UTWQVN8mwjFqVx7tSCvc8lWLaE4pjB1i9WlkJ47Z0vHFbSwg==",
      "requires": {
        "@deckdeckgo/editor": "^7.11.1",
        "@dfinity/agent": "^0.11.2",
        "@dfinity/auth-client": "^0.11.2",
        "@dfinity/authentication": "^0.11.2",
        "@dfinity/candid": "^0.11.2",
        "@dfinity/identity": "^0.11.2",
        "@dfinity/principal": "^0.11.2",
        "idb-keyval": "^6.1.0",
        "nanoid": "^3.3.4"
      }
    },
    "@papyrs/what-is-internet-identity": {
      "version": "0.0.2",
      "resolved": "https://registry.npmjs.org/@papyrs/what-is-internet-identity/-/what-is-internet-identity-0.0.2.tgz",
      "integrity": "sha512-jkkfTSFEkNRA19xcNpf2SanzxsdYU4ox1b/aCKdcxntOYrE/NDsf7J6por5gWQt2uHGz+azeWCLqaC0O/E/OrA=="
    },
    "@types/webappsec-credential-management": {
      "version": "0.6.2",
      "resolved": "https://registry.npmjs.org/@types/webappsec-credential-management/-/webappsec-credential-management-0.6.2.tgz",
      "integrity": "sha512-/6w8wmKQOFh+1CL99fcFhH7lli1/ExBdAawXsVPXFC5MBOS6ww/4cmK4crpCw51RaG6sTr477N17Y84l0G69IA=="
    },
    "base64-arraybuffer": {
      "version": "0.2.0",
      "resolved": "https://registry.npmjs.org/base64-arraybuffer/-/base64-arraybuffer-0.2.0.tgz",
      "integrity": "sha512-7emyCsu1/xiBXgQZrscw/8KPRT44I4Yq9Pe6EGs3aPRTsWuggML1/1DTuZUuIaJPIm1FTDUVXl4x/yW8s0kQDQ=="
    },
    "base64-js": {
      "version": "1.5.1",
      "resolved": "https://registry.npmjs.org/base64-js/-/base64-js-1.5.1.tgz",
      "integrity": "sha512-AKpaYlHn8t4SVbOHCy+b5+KKgvR4vrsD8vbvrbiQJps7fKDTkjkDry6ji0rUJjC0kzbNePLwzxq8iypo41qeWA=="
    },
    "bignumber.js": {
      "version": "9.0.2",
      "resolved": "https://registry.npmjs.org/bignumber.js/-/bignumber.js-9.0.2.tgz",
      "integrity": "sha512-GAcQvbpsM0pUb0zw1EI0KhQEZ+lRwR5fYaAp3vPOYuP7aDvGy6cVN6XHLauvF8SOga2y0dcLcjt3iQDTSEliyw=="
    },
    "bn.js": {
      "version": "4.12.0",
      "resolved": "https://registry.npmjs.org/bn.js/-/bn.js-4.12.0.tgz",
      "integrity": "sha512-c98Bf3tPniI+scsdk237ku1Dc3ujXQTSgyiPUDEOe7tRkhrqridvh8klBv0HCEso1OLOYcHuCv/cS6DNxKH+ZA=="
    },
    "borc": {
      "version": "2.1.2",
      "resolved": "https://registry.npmjs.org/borc/-/borc-2.1.2.tgz",
      "integrity": "sha512-Sy9eoUi4OiKzq7VovMn246iTo17kzuyHJKomCfpWMlI6RpfN1gk95w7d7gH264nApVLg0HZfcpz62/g4VH1Y4w==",
      "requires": {
        "bignumber.js": "^9.0.0",
        "buffer": "^5.5.0",
        "commander": "^2.15.0",
        "ieee754": "^1.1.13",
        "iso-url": "~0.4.7",
        "json-text-sequence": "~0.1.0",
        "readable-stream": "^3.6.0"
      }
    },
    "brorand": {
      "version": "1.1.0",
      "resolved": "https://registry.npmjs.org/brorand/-/brorand-1.1.0.tgz",
      "integrity": "sha512-cKV8tMCEpQs4hK/ik71d6LrPOnpkpGBR0wzxqr68g2m/LB2GxVYQroAjMJZRVM1Y4BCjCKc3vAamxSzOY2RP+w=="
    },
    "buffer": {
      "version": "5.7.1",
      "resolved": "https://registry.npmjs.org/buffer/-/buffer-5.7.1.tgz",
      "integrity": "sha512-EHcyIPBQ4BSGlvjB16k5KgAJ27CIsHY/2JBmCRReo48y9rQ3MaUzWX3KVlBa4U7MyX02HdVj0K7C3WaB3ju7FQ==",
      "requires": {
        "base64-js": "^1.3.1",
        "ieee754": "^1.1.13"
      }
    },
    "commander": {
      "version": "2.20.3",
      "resolved": "https://registry.npmjs.org/commander/-/commander-2.20.3.tgz",
      "integrity": "sha512-GpVkmM8vF2vQUkj2LvZmD35JxeJOLCwJ9cUkugyk2nuhbv3+mJvpLYYt+0+USMxE+oj+ey/lJEnhZw75x/OMcQ=="
    },
    "core-util-is": {
      "version": "1.0.3",
      "resolved": "https://registry.npmjs.org/core-util-is/-/core-util-is-1.0.3.tgz",
      "integrity": "sha512-ZQBvi1DcpJ4GDqanjucZ2Hj3wEO5pZDS89BWbkcrvdxksJorwUDDZamX9ldFkp9aw2lmBDLgkObEA4DWNJ9FYQ=="
    },
    "delimit-stream": {
      "version": "0.1.0",
      "resolved": "https://registry.npmjs.org/delimit-stream/-/delimit-stream-0.1.0.tgz",
      "integrity": "sha512-a02fiQ7poS5CnjiJBAsjGLPp5EwVoGHNeu9sziBd9huppRfsAFIpv5zNLv0V1gbop53ilngAf5Kf331AwcoRBQ=="
    },
    "elliptic": {
      "version": "6.5.4",
      "resolved": "https://registry.npmjs.org/elliptic/-/elliptic-6.5.4.tgz",
      "integrity": "sha512-iLhC6ULemrljPZb+QutR5TQGB+pdW6KGD5RSegS+8sorOZT+rdQFbsQFJgvN3eRqNALqJer4oQ16YvJHlU8hzQ==",
      "requires": {
        "bn.js": "^4.11.9",
        "brorand": "^1.1.0",
        "hash.js": "^1.0.0",
        "hmac-drbg": "^1.0.1",
        "inherits": "^2.0.4",
        "minimalistic-assert": "^1.0.1",
        "minimalistic-crypto-utils": "^1.0.1"
      }
    },
    "hash.js": {
      "version": "1.1.7",
      "resolved": "https://registry.npmjs.org/hash.js/-/hash.js-1.1.7.tgz",
      "integrity": "sha512-taOaskGt4z4SOANNseOviYDvjEJinIkRgmp7LbKP2YTTmVxWBl87s/uzK9r+44BclBSp2X7K1hqeNfz9JbBeXA==",
      "requires": {
        "inherits": "^2.0.3",
        "minimalistic-assert": "^1.0.1"
      }
    },
    "hmac-drbg": {
      "version": "1.0.1",
      "resolved": "https://registry.npmjs.org/hmac-drbg/-/hmac-drbg-1.0.1.tgz",
      "integrity": "sha512-Tti3gMqLdZfhOQY1Mzf/AanLiqh1WTiJgEj26ZuYQ9fbkLomzGchCws4FyrSd4VkpBfiNhaE1On+lOz894jvXg==",
      "requires": {
        "hash.js": "^1.0.3",
        "minimalistic-assert": "^1.0.0",
        "minimalistic-crypto-utils": "^1.0.1"
      }
    },
    "idb-keyval": {
      "version": "6.1.0",
      "resolved": "https://registry.npmjs.org/idb-keyval/-/idb-keyval-6.1.0.tgz",
      "integrity": "sha512-u/qHZ75rlD3gH+Zah8dAJVJcGW/RfCnfNrFkElC5RpRCnpsCXXhqjVk+6MoVKJ3WhmNbRYdI6IIVP88e+5sxGw==",
      "requires": {
        "safari-14-idb-fix": "^3.0.0"
      }
    },
    "ieee754": {
      "version": "1.2.1",
      "resolved": "https://registry.npmjs.org/ieee754/-/ieee754-1.2.1.tgz",
      "integrity": "sha512-dcyqhDvX1C46lXZcVqCpK+FtMRQVdIMN6/Df5js2zouUsqG7I6sFxitIC+7KYK29KdXOLHdu9zL4sFnoVQnqaA=="
    },
    "immediate": {
      "version": "3.0.6",
      "resolved": "https://registry.npmjs.org/immediate/-/immediate-3.0.6.tgz",
      "integrity": "sha1-nbHb0Pr43m++D13V5Wu2BigN5ps="
    },
    "inherits": {
      "version": "2.0.4",
      "resolved": "https://registry.npmjs.org/inherits/-/inherits-2.0.4.tgz",
      "integrity": "sha512-k/vGaX4/Yla3WzyMCvTQOXYeIHvqOKtnqBduzTHpzpQZzAskKMhZ2K+EnBiSM9zGSoIFeMpXKxa4dYeZIQqewQ=="
    },
    "isarray": {
      "version": "1.0.0",
      "resolved": "https://registry.npmjs.org/isarray/-/isarray-1.0.0.tgz",
      "integrity": "sha1-u5NdSFgsuhaMBoNJV6VKPgcSTxE="
    },
    "iso-url": {
      "version": "0.4.7",
      "resolved": "https://registry.npmjs.org/iso-url/-/iso-url-0.4.7.tgz",
      "integrity": "sha512-27fFRDnPAMnHGLq36bWTpKET+eiXct3ENlCcdcMdk+mjXrb2kw3mhBUg1B7ewAC0kVzlOPhADzQgz1SE6Tglog=="
    },
    "js-sha256": {
      "version": "0.9.0",
      "resolved": "https://registry.npmjs.org/js-sha256/-/js-sha256-0.9.0.tgz",
      "integrity": "sha512-sga3MHh9sgQN2+pJ9VYZ+1LPwXOxuBJBA5nrR5/ofPfuiJBE2hnjsaN8se8JznOmGLN2p49Pe5U/ttafcs/apA=="
    },
    "json-text-sequence": {
      "version": "0.1.1",
      "resolved": "https://registry.npmjs.org/json-text-sequence/-/json-text-sequence-0.1.1.tgz",
      "integrity": "sha512-L3mEegEWHRekSHjc7+sc8eJhba9Clq1PZ8kMkzf8OxElhXc8O4TS5MwcVlj9aEbm5dr81N90WHC5nAz3UO971w==",
      "requires": {
        "delimit-stream": "0.1.0"
      }
    },
    "jszip": {
      "version": "3.9.0",
      "resolved": "https://registry.npmjs.org/jszip/-/jszip-3.9.0.tgz",
      "integrity": "sha512-Vb3SMfASUN1EKrFzv5A5+lTaZnzLzT5E6A9zyT7WFqMSfhT2Z7iS5FgSOjx2Olm3MDj8OqKj6GHyP2kMt1Ir6w==",
      "requires": {
        "lie": "~3.3.0",
        "pako": "~1.0.2",
        "readable-stream": "~2.3.6",
        "set-immediate-shim": "~1.0.1"
      },
      "dependencies": {
        "readable-stream": {
          "version": "2.3.7",
          "resolved": "https://registry.npmjs.org/readable-stream/-/readable-stream-2.3.7.tgz",
          "integrity": "sha512-Ebho8K4jIbHAxnuxi7o42OrZgF/ZTNcsZj6nRKyUmkhLFq8CHItp/fy6hQZuZmP/n3yZ9VBUbp4zz/mX8hmYPw==",
          "requires": {
            "core-util-is": "~1.0.0",
            "inherits": "~2.0.3",
            "isarray": "~1.0.0",
            "process-nextick-args": "~2.0.0",
            "safe-buffer": "~5.1.1",
            "string_decoder": "~1.1.1",
            "util-deprecate": "~1.0.1"
          }
        },
        "safe-buffer": {
          "version": "5.1.2",
          "resolved": "https://registry.npmjs.org/safe-buffer/-/safe-buffer-5.1.2.tgz",
          "integrity": "sha512-Gd2UZBJDkXlY7GbJxfsE8/nvKkUEU1G38c1siN6QP6a9PT9MmHB8GnpscSmMJSoF8LOIrt8ud/wPtojys4G6+g=="
        },
        "string_decoder": {
          "version": "1.1.1",
          "resolved": "https://registry.npmjs.org/string_decoder/-/string_decoder-1.1.1.tgz",
          "integrity": "sha512-n/ShnvDi6FHbbVfviro+WojiFzv+s8MPMHBczVePfUpDJLwoLT0ht1l4YwBCbi8pJAveEEdnkHyPyTP/mzRfwg==",
          "requires": {
            "safe-buffer": "~5.1.0"
          }
        }
      }
    },
    "lie": {
      "version": "3.3.0",
      "resolved": "https://registry.npmjs.org/lie/-/lie-3.3.0.tgz",
      "integrity": "sha512-UaiMJzeWRlEujzAuw5LokY1L5ecNQYZKfmyZ9L7wDHb/p5etKaxXhohBcrw0EYby+G/NA52vRSN4N39dxHAIwQ==",
      "requires": {
        "immediate": "~3.0.5"
      }
    },
    "minimalistic-assert": {
      "version": "1.0.1",
      "resolved": "https://registry.npmjs.org/minimalistic-assert/-/minimalistic-assert-1.0.1.tgz",
      "integrity": "sha512-UtJcAD4yEaGtjPezWuO9wC4nwUnVH/8/Im3yEHQP4b67cXlD/Qr9hdITCU1xDbSEXg2XKNaP8jsReV7vQd00/A=="
    },
    "minimalistic-crypto-utils": {
      "version": "1.0.1",
      "resolved": "https://registry.npmjs.org/minimalistic-crypto-utils/-/minimalistic-crypto-utils-1.0.1.tgz",
      "integrity": "sha512-JIYlbt6g8i5jKfJ3xz7rF0LXmv2TkDxBLUkiBeZ7bAx4GnnNMr8xFpGnOxn6GhTEHx3SjRrZEoU+j04prX1ktg=="
    },
    "monaco-editor": {
      "version": "0.32.1",
      "resolved": "https://registry.npmjs.org/monaco-editor/-/monaco-editor-0.32.1.tgz",
      "integrity": "sha512-LUt2wsUvQmEi2tfTOK+tjAPvt7eQ+K5C4rZPr6SeuyzjAuAHrIvlUloTcOiGjZW3fn3a/jFQCONrEJbNOaCqbA=="
    },
    "nanoid": {
      "version": "3.3.4",
      "resolved": "https://registry.npmjs.org/nanoid/-/nanoid-3.3.4.tgz",
      "integrity": "sha512-MqBkQh/OHTS2egovRtLk45wEyNXwF+cokD+1YPf9u5VfJiRdAiRwB2froX5Co9Rh20xs4siNPm8naNotSD6RBw=="
    },
    "node-addon-api": {
      "version": "2.0.2",
      "resolved": "https://registry.npmjs.org/node-addon-api/-/node-addon-api-2.0.2.tgz",
      "integrity": "sha512-Ntyt4AIXyaLIuMHF6IOoTakB3K+RWxwtsHNRxllEoA6vPwP9o4866g6YWDLUdnucilZhmkxiHwHr11gAENw+QA=="
    },
    "node-gyp-build": {
      "version": "4.4.0",
      "resolved": "https://registry.npmjs.org/node-gyp-build/-/node-gyp-build-4.4.0.tgz",
      "integrity": "sha512-amJnQCcgtRVw9SvoebO3BKGESClrfXGCUTX9hSn1OuGQTQBOZmVd0Z0OlecpuRksKvbsUqALE8jls/ErClAPuQ=="
    },
    "pako": {
      "version": "1.0.11",
      "resolved": "https://registry.npmjs.org/pako/-/pako-1.0.11.tgz",
      "integrity": "sha512-4hLB8Py4zZce5s4yd9XzopqwVv/yGNhV1Bl8NTmCq1763HeK2+EwVTv+leGeL13Dnh2wfbqowVPXCIO0z4taYw=="
    },
    "prismjs": {
      "version": "1.27.0",
      "resolved": "https://registry.npmjs.org/prismjs/-/prismjs-1.27.0.tgz",
      "integrity": "sha512-t13BGPUlFDR7wRB5kQDG4jjl7XeuH6jbJGt11JHPL96qwsEHNX2+68tFXqc1/k+/jALsbSWJKUOT/hcYAZ5LkA=="
    },
    "process-nextick-args": {
      "version": "2.0.1",
      "resolved": "https://registry.npmjs.org/process-nextick-args/-/process-nextick-args-2.0.1.tgz",
      "integrity": "sha512-3ouUOpQhtgrbOa17J7+uxOTpITYWaGP7/AhoR3+A+/1e9skrzelGi/dXzEYyvbxubEF6Wn2ypscTKiKJFFn1ag=="
    },
    "readable-stream": {
      "version": "3.6.0",
      "resolved": "https://registry.npmjs.org/readable-stream/-/readable-stream-3.6.0.tgz",
      "integrity": "sha512-BViHy7LKeTz4oNnkcLJ+lVSL6vpiFeX6/d3oSH8zCW7UxP2onchk+vTGB143xuFjHS3deTgkKoXXymXqymiIdA==",
      "requires": {
        "inherits": "^2.0.3",
        "string_decoder": "^1.1.1",
        "util-deprecate": "^1.0.1"
      }
    },
    "safari-14-idb-fix": {
      "version": "3.0.0",
      "resolved": "https://registry.npmjs.org/safari-14-idb-fix/-/safari-14-idb-fix-3.0.0.tgz",
      "integrity": "sha512-eBNFLob4PMq8JA1dGyFn6G97q3/WzNtFK4RnzT1fnLq+9RyrGknzYiM/9B12MnKAxuj1IXr7UKYtTNtjyKMBog=="
    },
    "safe-buffer": {
      "version": "5.2.1",
      "resolved": "https://registry.npmjs.org/safe-buffer/-/safe-buffer-5.2.1.tgz",
      "integrity": "sha512-rp3So07KcdmmKbGvgaNxQSJr7bGVSVk5S9Eq1F+ppbRo70+YeaDxkw5Dd8NPN+GD6bjnYm2VuPuCXmpuYvmCXQ=="
    },
    "secp256k1": {
      "version": "4.0.3",
      "resolved": "https://registry.npmjs.org/secp256k1/-/secp256k1-4.0.3.tgz",
      "integrity": "sha512-NLZVf+ROMxwtEj3Xa562qgv2BK5e2WNmXPiOdVIPLgs6lyTzMvBq0aWTYMI5XCP9jZMVKOcqZLw/Wc4vDkuxhA==",
      "requires": {
        "elliptic": "^6.5.4",
        "node-addon-api": "^2.0.0",
        "node-gyp-build": "^4.2.0"
      }
    },
    "set-immediate-shim": {
      "version": "1.0.1",
      "resolved": "https://registry.npmjs.org/set-immediate-shim/-/set-immediate-shim-1.0.1.tgz",
      "integrity": "sha1-SysbJ+uAip+NzEgaWOXlb1mfP2E="
    },
    "simple-cbor": {
      "version": "0.4.1",
      "resolved": "https://registry.npmjs.org/simple-cbor/-/simple-cbor-0.4.1.tgz",
      "integrity": "sha512-rijcxtwx2b4Bje3sqeIqw5EeW7UlOIC4YfOdwqIKacpvRQ/D78bWg/4/0m5e0U91oKvlGh7LlJuZCu07ISCC7w=="
    },
    "string_decoder": {
      "version": "1.3.0",
      "resolved": "https://registry.npmjs.org/string_decoder/-/string_decoder-1.3.0.tgz",
      "integrity": "sha512-hkRX8U1WjJFd8LsDJ2yQ/wWWxaopEsABU1XfkM8A+j0+85JAGppt16cr1Whg6KIbb4okU6Mql6BOj+uup/wKeA==",
      "requires": {
        "safe-buffer": "~5.2.0"
      }
    },
    "tweetnacl": {
      "version": "1.0.3",
      "resolved": "https://registry.npmjs.org/tweetnacl/-/tweetnacl-1.0.3.tgz",
      "integrity": "sha512-6rt+RN7aOi1nGMyC4Xa5DdYiukl2UWCbcJft7YhxReBGQD7OAM8Pbxw6YMo4r2diNEA8FEmu32YOn9rhaiE5yw=="
    },
    "util-deprecate": {
      "version": "1.0.2",
      "resolved": "https://registry.npmjs.org/util-deprecate/-/util-deprecate-1.0.2.tgz",
      "integrity": "sha1-RQ1Nyfpw3nMnYvvS1KKJgUGaDM8="
    },
    "web-social-share": {
      "version": "8.0.1",
      "resolved": "https://registry.npmjs.org/web-social-share/-/web-social-share-8.0.1.tgz",
      "integrity": "sha512-SdYm76yaFDRbAm+2n+mVi7q/tgg+UqX8BDKwvIWTymssfB9CfyH9uyXPzh2o3Kfa1SIeIGY0lmExxVLdYdGueA=="
    }
  }
}
