{
  "name": "@papyrs/cdn",
  "version": "0.0.1",
  "lockfileVersion": 2,
  "requires": true,
  "packages": {
    "": {
      "name": "@papyrs/cdn",
      "version": "0.0.1",
      "dependencies": {
        "@deckdeckgo/highlight-code": "^4.3.0",
        "@deckdeckgo/lazy-img": "^3.3.0",
        "prismjs": "^1.27.0"
      }
    },
    "node_modules/@deckdeckgo/highlight-code": {
      "version": "4.3.0",
      "resolved": "https://registry.npmjs.org/@deckdeckgo/highlight-code/-/highlight-code-4.3.0.tgz",
      "integrity": "sha512-9y6wl+C9nLHNJ3Da1KXH5znatC1aWDOw+ql/r7NBWNoE/cRXjWi/zVZnpwj/sKf0yIuoA45e/LJaJHQ1o3RBFg==",
      "dependencies": {
        "@deckdeckgo/utils": "^5.1.0",
        "prismjs": "^1.27.0"
      }
    },
    "node_modules/@deckdeckgo/lazy-img": {
      "version": "3.3.0",
      "resolved": "https://registry.npmjs.org/@deckdeckgo/lazy-img/-/lazy-img-3.3.0.tgz",
      "integrity": "sha512-niFNjKCaG1isSxj32WwLdPqAg8gjd22jCgITHcOgfudI7KG5r5AQk6CyPpiBdvYV5L7+T6Oj0Jh81VbDxvsdnQ=="
    },
    "node_modules/@deckdeckgo/utils": {
      "version": "5.1.0",
      "resolved": "https://registry.npmjs.org/@deckdeckgo/utils/-/utils-5.1.0.tgz",
      "integrity": "sha512-ue/1BXkDBZ9k+Tqs3vyCRIjqxjPnl06ab9WGhGubAXoRtJIE7ZN58/pbLsPCYc4xFcY0TPH3tsWhE7eF/FU8Ew=="
    },
    "node_modules/prismjs": {
      "version": "1.27.0",
      "resolved": "https://registry.npmjs.org/prismjs/-/prismjs-1.27.0.tgz",
      "integrity": "sha512-t13BGPUlFDR7wRB5kQDG4jjl7XeuH6jbJGt11JHPL96qwsEHNX2+68tFXqc1/k+/jALsbSWJKUOT/hcYAZ5LkA==",
      "engines": {
        "node": ">=6"
      }
    }
  },
  "dependencies": {
    "@deckdeckgo/highlight-code": {
      "version": "4.3.0",
      "resolved": "https://registry.npmjs.org/@deckdeckgo/highlight-code/-/highlight-code-4.3.0.tgz",
      "integrity": "sha512-9y6wl+C9nLHNJ3Da1KXH5znatC1aWDOw+ql/r7NBWNoE/cRXjWi/zVZnpwj/sKf0yIuoA45e/LJaJHQ1o3RBFg==",
      "requires": {
        "@deckdeckgo/utils": "^5.1.0",
        "prismjs": "^1.27.0"
      }
    },
    "@deckdeckgo/lazy-img": {
      "version": "3.3.0",
      "resolved": "https://registry.npmjs.org/@deckdeckgo/lazy-img/-/lazy-img-3.3.0.tgz",
      "integrity": "sha512-niFNjKCaG1isSxj32WwLdPqAg8gjd22jCgITHcOgfudI7KG5r5AQk6CyPpiBdvYV5L7+T6Oj0Jh81VbDxvsdnQ=="
    },
    "@deckdeckgo/utils": {
      "version": "5.1.0",
      "resolved": "https://registry.npmjs.org/@deckdeckgo/utils/-/utils-5.1.0.tgz",
      "integrity": "sha512-ue/1BXkDBZ9k+Tqs3vyCRIjqxjPnl06ab9WGhGubAXoRtJIE7ZN58/pbLsPCYc4xFcY0TPH3tsWhE7eF/FU8Ew=="
    },
    "prismjs": {
      "version": "1.27.0",
      "resolved": "https://registry.npmjs.org/prismjs/-/prismjs-1.27.0.tgz",
      "integrity": "sha512-t13BGPUlFDR7wRB5kQDG4jjl7XeuH6jbJGt11JHPL96qwsEHNX2+68tFXqc1/k+/jALsbSWJKUOT/hcYAZ5LkA=="
    }
  }
}
